// !$*UTF8*$!
{
	archiveVersion = 1;
	classes = {
	};
	objectVersion = 50;
	objects = {

/* Begin PBXBuildFile section */
		84C70F56207BAA6AC48EE3FD /* Pods_DiveLane.framework in Frameworks */ = {isa = PBXBuildFile; fileRef = A6659B35DCF78FECEB3507C0 /* Pods_DiveLane.framework */; };
		9197F2D82143B52F00C358AA /* WalletAdditionMode.swift in Sources */ = {isa = PBXBuildFile; fileRef = 9197F2D72143B52F00C358AA /* WalletAdditionMode.swift */; };
		9197F2DD2143B57E00C358AA /* OnboardingViewController.swift in Sources */ = {isa = PBXBuildFile; fileRef = 9197F2DC2143B57E00C358AA /* OnboardingViewController.swift */; };
		9197F2DF2143B5B800C358AA /* OnboardingContentViewController.swift in Sources */ = {isa = PBXBuildFile; fileRef = 9197F2DE2143B5B800C358AA /* OnboardingContentViewController.swift */; };
		9197F2E12143B5EE00C358AA /* OnboardingContent.swift in Sources */ = {isa = PBXBuildFile; fileRef = 9197F2E02143B5EE00C358AA /* OnboardingContent.swift */; };
		9197F2E52143B65600C358AA /* WalletCreationViewController.swift in Sources */ = {isa = PBXBuildFile; fileRef = 9197F2E32143B65600C358AA /* WalletCreationViewController.swift */; };
		9197F2E62143B65600C358AA /* WalletCreationViewController.xib in Resources */ = {isa = PBXBuildFile; fileRef = 9197F2E42143B65600C358AA /* WalletCreationViewController.xib */; };
		9197F2E92143B75600C358AA /* Alerts.swift in Sources */ = {isa = PBXBuildFile; fileRef = 9197F2E82143B75600C358AA /* Alerts.swift */; };
		9197F2ED2143B92B00C358AA /* WalletViewController.swift in Sources */ = {isa = PBXBuildFile; fileRef = 9197F2EB2143B92B00C358AA /* WalletViewController.swift */; };
		9197F2EE2143B92B00C358AA /* WalletViewController.xib in Resources */ = {isa = PBXBuildFile; fileRef = 9197F2EC2143B92B00C358AA /* WalletViewController.xib */; };
		9197F2F22143B9D600C358AA /* TokenCell.swift in Sources */ = {isa = PBXBuildFile; fileRef = 9197F2F02143B9D600C358AA /* TokenCell.swift */; };
		9197F2F32143B9D600C358AA /* TokenCell.xib in Resources */ = {isa = PBXBuildFile; fileRef = 9197F2F12143B9D600C358AA /* TokenCell.xib */; };
		9197F2F72143BC1D00C358AA /* WalletTableViewSections.swift in Sources */ = {isa = PBXBuildFile; fileRef = 9197F2F62143BC1D00C358AA /* WalletTableViewSections.swift */; };
		9197F2F92143BC8300C358AA /* CurrentToken.swift in Sources */ = {isa = PBXBuildFile; fileRef = 9197F2F82143BC8300C358AA /* CurrentToken.swift */; };
		9197F2FB2143BD7E00C358AA /* Assets.xcassets in Resources */ = {isa = PBXBuildFile; fileRef = 9197F2FA2143BD7E00C358AA /* Assets.xcassets */; };
		9197F3012143BFC600C358AA /* TokenViewController.swift in Sources */ = {isa = PBXBuildFile; fileRef = 9197F2FF2143BFC600C358AA /* TokenViewController.swift */; };
		9197F3022143BFC600C358AA /* TokenViewController.xib in Resources */ = {isa = PBXBuildFile; fileRef = 9197F3002143BFC600C358AA /* TokenViewController.xib */; };
		9197F3082143C39C00C358AA /* SendSettingsViewController.swift in Sources */ = {isa = PBXBuildFile; fileRef = 9197F3062143C39C00C358AA /* SendSettingsViewController.swift */; };
		9197F3092143C39C00C358AA /* SendSettingsViewController.xib in Resources */ = {isa = PBXBuildFile; fileRef = 9197F3072143C39C00C358AA /* SendSettingsViewController.xib */; };
		9197F3162143FD4100C358AA /* NetworkService.swift in Sources */ = {isa = PBXBuildFile; fileRef = 9197F3152143FD4100C358AA /* NetworkService.swift */; };
		9197F321214403A400C358AA /* SettingsViewController.swift in Sources */ = {isa = PBXBuildFile; fileRef = 9197F31F214403A400C358AA /* SettingsViewController.swift */; };
		9197F322214403A400C358AA /* SettingsViewController.xib in Resources */ = {isa = PBXBuildFile; fileRef = 9197F320214403A400C358AA /* SettingsViewController.xib */; };
		9197F3252144041400C358AA /* SettingsTableViewSections.swift in Sources */ = {isa = PBXBuildFile; fileRef = 9197F3242144041400C358AA /* SettingsTableViewSections.swift */; };
		9197F3282144043500C358AA /* SettingsCell.swift in Sources */ = {isa = PBXBuildFile; fileRef = 9197F3262144043500C358AA /* SettingsCell.swift */; };
		9197F3292144043500C358AA /* SettingsCell.xib in Resources */ = {isa = PBXBuildFile; fileRef = 9197F3272144043500C358AA /* SettingsCell.xib */; };
		9197F32F2144213000C358AA /* NetworksViewController.swift in Sources */ = {isa = PBXBuildFile; fileRef = 9197F32D2144213000C358AA /* NetworksViewController.swift */; };
		9197F3302144213000C358AA /* NetworksViewController.xib in Resources */ = {isa = PBXBuildFile; fileRef = 9197F32E2144213000C358AA /* NetworksViewController.xib */; };
		9197F3332144228B00C358AA /* NetworksCell.swift in Sources */ = {isa = PBXBuildFile; fileRef = 9197F3312144228B00C358AA /* NetworksCell.swift */; };
		9197F3342144228B00C358AA /* NetworksCell.xib in Resources */ = {isa = PBXBuildFile; fileRef = 9197F3322144228B00C358AA /* NetworksCell.xib */; };
		91B6A79721435F5D0033A045 /* AppDelegate.swift in Sources */ = {isa = PBXBuildFile; fileRef = 91B6A79621435F5D0033A045 /* AppDelegate.swift */; };
		91B6A7A121435F5E0033A045 /* LaunchScreen.storyboard in Resources */ = {isa = PBXBuildFile; fileRef = 91B6A79F21435F5E0033A045 /* LaunchScreen.storyboard */; };
		91B6A7AD214360F90033A045 /* Web3Service.swift in Sources */ = {isa = PBXBuildFile; fileRef = 91B6A7AC214360F90033A045 /* Web3Service.swift */; };
		91B6A7AF2143610C0033A045 /* ResultsAndErrors.swift in Sources */ = {isa = PBXBuildFile; fileRef = 91B6A7AE2143610C0033A045 /* ResultsAndErrors.swift */; };
		91B6A7B3214361730033A045 /* LocalDatabase.swift in Sources */ = {isa = PBXBuildFile; fileRef = 91B6A7B2214361730033A045 /* LocalDatabase.swift */; };
		91B6A7B5214361AE0033A045 /* KeysService.swift in Sources */ = {isa = PBXBuildFile; fileRef = 91B6A7B4214361AE0033A045 /* KeysService.swift */; };
		91B6A7B9214362080033A045 /* WalletAndKeys.swift in Sources */ = {isa = PBXBuildFile; fileRef = 91B6A7B8214362080033A045 /* WalletAndKeys.swift */; };
		91B6A7BC2143621E0033A045 /* CoreDataModel.xcdatamodeld in Sources */ = {isa = PBXBuildFile; fileRef = 91B6A7BA2143621E0033A045 /* CoreDataModel.xcdatamodeld */; };
		91B6A7BE2143649A0033A045 /* TransactionsService.swift in Sources */ = {isa = PBXBuildFile; fileRef = 91B6A7BD2143649A0033A045 /* TransactionsService.swift */; };
		91B6A7C2214365890033A045 /* Transaction.swift in Sources */ = {isa = PBXBuildFile; fileRef = 91B6A7C1214365890033A045 /* Transaction.swift */; };
		91B6A7C4214365B30033A045 /* ERC20Token.swift in Sources */ = {isa = PBXBuildFile; fileRef = 91B6A7C3214365B30033A045 /* ERC20Token.swift */; };
		91B6A7C62143660B0033A045 /* AppController.swift in Sources */ = {isa = PBXBuildFile; fileRef = 91B6A7C52143660B0033A045 /* AppController.swift */; };
		91B6A7C8214368470033A045 /* Parameter.swift in Sources */ = {isa = PBXBuildFile; fileRef = 91B6A7C7214368470033A045 /* Parameter.swift */; };
		91B6A7CA214369D60033A045 /* GlobalTODO.swift in Sources */ = {isa = PBXBuildFile; fileRef = 91B6A7C9214369D60033A045 /* GlobalTODO.swift */; };
		91B6A7CE214370F00033A045 /* URL.swift in Sources */ = {isa = PBXBuildFile; fileRef = 91B6A7CD214370F00033A045 /* URL.swift */; };
		91B6A7D22143B1E80033A045 /* ViewControllerExtensions.swift in Sources */ = {isa = PBXBuildFile; fileRef = 91B6A7D12143B1E80033A045 /* ViewControllerExtensions.swift */; };
		91B6A7D42143B2160033A045 /* FloatExtension.swift in Sources */ = {isa = PBXBuildFile; fileRef = 91B6A7D32143B2160033A045 /* FloatExtension.swift */; };
		91B6A7DE2143B2F30033A045 /* AddWalletViewController.swift in Sources */ = {isa = PBXBuildFile; fileRef = 91B6A7DC2143B2F30033A045 /* AddWalletViewController.swift */; };
		91B6A7DF2143B2F30033A045 /* AddWalletViewController.xib in Resources */ = {isa = PBXBuildFile; fileRef = 91B6A7DD2143B2F30033A045 /* AddWalletViewController.xib */; };
		B209141D214464EF00C8B408 /* SendArbitraryTransactionViewController.xib in Resources */ = {isa = PBXBuildFile; fileRef = B209141B214464EF00C8B408 /* SendArbitraryTransactionViewController.xib */; };
		B209141E214464EF00C8B408 /* ParameterCell.xib in Resources */ = {isa = PBXBuildFile; fileRef = B209141C214464EF00C8B408 /* ParameterCell.xib */; };
		B20914FE214A564500C8B408 /* WalletsViewController.swift in Sources */ = {isa = PBXBuildFile; fileRef = B20914FC214A564500C8B408 /* WalletsViewController.swift */; };
		B20914FF214A564500C8B408 /* WalletsViewController.xib in Resources */ = {isa = PBXBuildFile; fileRef = B20914FD214A564500C8B408 /* WalletsViewController.xib */; };
		B2091506214A5AD000C8B408 /* WalletCell.swift in Sources */ = {isa = PBXBuildFile; fileRef = B2091504214A5AD000C8B408 /* WalletCell.swift */; };
		B2091507214A5AD000C8B408 /* WalletCell.xib in Resources */ = {isa = PBXBuildFile; fileRef = B2091505214A5AD000C8B408 /* WalletCell.xib */; };
		B209150A214A60A700C8B408 /* ExportWalletViewController.swift in Sources */ = {isa = PBXBuildFile; fileRef = B2091508214A60A700C8B408 /* ExportWalletViewController.swift */; };
		B209150B214A60A700C8B408 /* ExportWalletViewController.xib in Resources */ = {isa = PBXBuildFile; fileRef = B2091509214A60A700C8B408 /* ExportWalletViewController.xib */; };
		B209150E214A659500C8B408 /* PrivateKeyViewController.swift in Sources */ = {isa = PBXBuildFile; fileRef = B209150C214A659500C8B408 /* PrivateKeyViewController.swift */; };
		B209150F214A659500C8B408 /* PrivateKeyViewController.xib in Resources */ = {isa = PBXBuildFile; fileRef = B209150D214A659500C8B408 /* PrivateKeyViewController.xib */; };
		B2091512214AA58100C8B408 /* MnemonicsViewController.swift in Sources */ = {isa = PBXBuildFile; fileRef = B2091510214AA58100C8B408 /* MnemonicsViewController.swift */; };
		B2091513214AA58100C8B408 /* MnemonicsViewController.xib in Resources */ = {isa = PBXBuildFile; fileRef = B2091511214AA58100C8B408 /* MnemonicsViewController.xib */; };
		B25BD1342143E43A0091C481 /* EtherscanService.swift in Sources */ = {isa = PBXBuildFile; fileRef = B25BD1332143E43A0091C481 /* EtherscanService.swift */; };
		B25BD1362143E5440091C481 /* SendingArbitratyTransactionViewController.swift in Sources */ = {isa = PBXBuildFile; fileRef = B25BD1352143E5440091C481 /* SendingArbitratyTransactionViewController.swift */; };
		B25BD1382143E5BC0091C481 /* ParameterCell.swift in Sources */ = {isa = PBXBuildFile; fileRef = B25BD1372143E5BC0091C481 /* ParameterCell.swift */; };
/* End PBXBuildFile section */

/* Begin PBXFileReference section */
		2D953DB44EF6BCFD40656B30 /* Pods-DiveLane.debug.xcconfig */ = {isa = PBXFileReference; includeInIndex = 1; lastKnownFileType = text.xcconfig; name = "Pods-DiveLane.debug.xcconfig"; path = "Pods/Target Support Files/Pods-DiveLane/Pods-DiveLane.debug.xcconfig"; sourceTree = "<group>"; };
		9197F2D72143B52F00C358AA /* WalletAdditionMode.swift */ = {isa = PBXFileReference; lastKnownFileType = sourcecode.swift; path = WalletAdditionMode.swift; sourceTree = "<group>"; };
		9197F2DC2143B57E00C358AA /* OnboardingViewController.swift */ = {isa = PBXFileReference; lastKnownFileType = sourcecode.swift; path = OnboardingViewController.swift; sourceTree = "<group>"; };
		9197F2DE2143B5B800C358AA /* OnboardingContentViewController.swift */ = {isa = PBXFileReference; lastKnownFileType = sourcecode.swift; path = OnboardingContentViewController.swift; sourceTree = "<group>"; };
		9197F2E02143B5EE00C358AA /* OnboardingContent.swift */ = {isa = PBXFileReference; lastKnownFileType = sourcecode.swift; path = OnboardingContent.swift; sourceTree = "<group>"; };
		9197F2E32143B65600C358AA /* WalletCreationViewController.swift */ = {isa = PBXFileReference; lastKnownFileType = sourcecode.swift; path = WalletCreationViewController.swift; sourceTree = "<group>"; };
		9197F2E42143B65600C358AA /* WalletCreationViewController.xib */ = {isa = PBXFileReference; lastKnownFileType = file.xib; path = WalletCreationViewController.xib; sourceTree = "<group>"; };
		9197F2E82143B75600C358AA /* Alerts.swift */ = {isa = PBXFileReference; lastKnownFileType = sourcecode.swift; path = Alerts.swift; sourceTree = "<group>"; };
		9197F2EB2143B92B00C358AA /* WalletViewController.swift */ = {isa = PBXFileReference; lastKnownFileType = sourcecode.swift; path = WalletViewController.swift; sourceTree = "<group>"; };
		9197F2EC2143B92B00C358AA /* WalletViewController.xib */ = {isa = PBXFileReference; lastKnownFileType = file.xib; path = WalletViewController.xib; sourceTree = "<group>"; };
		9197F2F02143B9D600C358AA /* TokenCell.swift */ = {isa = PBXFileReference; lastKnownFileType = sourcecode.swift; path = TokenCell.swift; sourceTree = "<group>"; };
		9197F2F12143B9D600C358AA /* TokenCell.xib */ = {isa = PBXFileReference; lastKnownFileType = file.xib; path = TokenCell.xib; sourceTree = "<group>"; };
		9197F2F62143BC1D00C358AA /* WalletTableViewSections.swift */ = {isa = PBXFileReference; lastKnownFileType = sourcecode.swift; path = WalletTableViewSections.swift; sourceTree = "<group>"; };
		9197F2F82143BC8300C358AA /* CurrentToken.swift */ = {isa = PBXFileReference; lastKnownFileType = sourcecode.swift; path = CurrentToken.swift; sourceTree = "<group>"; };
		9197F2FA2143BD7E00C358AA /* Assets.xcassets */ = {isa = PBXFileReference; lastKnownFileType = folder.assetcatalog; path = Assets.xcassets; sourceTree = "<group>"; };
		9197F2FF2143BFC600C358AA /* TokenViewController.swift */ = {isa = PBXFileReference; lastKnownFileType = sourcecode.swift; path = TokenViewController.swift; sourceTree = "<group>"; };
		9197F3002143BFC600C358AA /* TokenViewController.xib */ = {isa = PBXFileReference; lastKnownFileType = file.xib; path = TokenViewController.xib; sourceTree = "<group>"; };
		9197F3062143C39C00C358AA /* SendSettingsViewController.swift */ = {isa = PBXFileReference; lastKnownFileType = sourcecode.swift; path = SendSettingsViewController.swift; sourceTree = "<group>"; };
		9197F3072143C39C00C358AA /* SendSettingsViewController.xib */ = {isa = PBXFileReference; lastKnownFileType = file.xib; path = SendSettingsViewController.xib; sourceTree = "<group>"; };
		9197F3152143FD4100C358AA /* NetworkService.swift */ = {isa = PBXFileReference; lastKnownFileType = sourcecode.swift; path = NetworkService.swift; sourceTree = "<group>"; };
		9197F31F214403A400C358AA /* SettingsViewController.swift */ = {isa = PBXFileReference; lastKnownFileType = sourcecode.swift; path = SettingsViewController.swift; sourceTree = "<group>"; };
		9197F320214403A400C358AA /* SettingsViewController.xib */ = {isa = PBXFileReference; lastKnownFileType = file.xib; path = SettingsViewController.xib; sourceTree = "<group>"; };
		9197F3242144041400C358AA /* SettingsTableViewSections.swift */ = {isa = PBXFileReference; lastKnownFileType = sourcecode.swift; path = SettingsTableViewSections.swift; sourceTree = "<group>"; };
		9197F3262144043500C358AA /* SettingsCell.swift */ = {isa = PBXFileReference; lastKnownFileType = sourcecode.swift; path = SettingsCell.swift; sourceTree = "<group>"; };
		9197F3272144043500C358AA /* SettingsCell.xib */ = {isa = PBXFileReference; lastKnownFileType = file.xib; path = SettingsCell.xib; sourceTree = "<group>"; };
		9197F32D2144213000C358AA /* NetworksViewController.swift */ = {isa = PBXFileReference; lastKnownFileType = sourcecode.swift; path = NetworksViewController.swift; sourceTree = "<group>"; };
		9197F32E2144213000C358AA /* NetworksViewController.xib */ = {isa = PBXFileReference; lastKnownFileType = file.xib; path = NetworksViewController.xib; sourceTree = "<group>"; };
		9197F3312144228B00C358AA /* NetworksCell.swift */ = {isa = PBXFileReference; lastKnownFileType = sourcecode.swift; path = NetworksCell.swift; sourceTree = "<group>"; };
		9197F3322144228B00C358AA /* NetworksCell.xib */ = {isa = PBXFileReference; lastKnownFileType = file.xib; path = NetworksCell.xib; sourceTree = "<group>"; };
		91B6A79321435F5D0033A045 /* DiveLane.app */ = {isa = PBXFileReference; explicitFileType = wrapper.application; includeInIndex = 0; path = DiveLane.app; sourceTree = BUILT_PRODUCTS_DIR; };
		91B6A79621435F5D0033A045 /* AppDelegate.swift */ = {isa = PBXFileReference; lastKnownFileType = sourcecode.swift; path = AppDelegate.swift; sourceTree = "<group>"; };
		91B6A7A021435F5E0033A045 /* Base */ = {isa = PBXFileReference; lastKnownFileType = file.storyboard; name = Base; path = Base.lproj/LaunchScreen.storyboard; sourceTree = "<group>"; };
		91B6A7A221435F5E0033A045 /* Info.plist */ = {isa = PBXFileReference; lastKnownFileType = text.plist.xml; path = Info.plist; sourceTree = "<group>"; };
		91B6A7AC214360F90033A045 /* Web3Service.swift */ = {isa = PBXFileReference; lastKnownFileType = sourcecode.swift; path = Web3Service.swift; sourceTree = "<group>"; };
		91B6A7AE2143610C0033A045 /* ResultsAndErrors.swift */ = {isa = PBXFileReference; lastKnownFileType = sourcecode.swift; path = ResultsAndErrors.swift; sourceTree = "<group>"; };
		91B6A7B2214361730033A045 /* LocalDatabase.swift */ = {isa = PBXFileReference; lastKnownFileType = sourcecode.swift; path = LocalDatabase.swift; sourceTree = "<group>"; };
		91B6A7B4214361AE0033A045 /* KeysService.swift */ = {isa = PBXFileReference; lastKnownFileType = sourcecode.swift; path = KeysService.swift; sourceTree = "<group>"; };
		91B6A7B8214362080033A045 /* WalletAndKeys.swift */ = {isa = PBXFileReference; lastKnownFileType = sourcecode.swift; path = WalletAndKeys.swift; sourceTree = "<group>"; };
		91B6A7BB2143621E0033A045 /* CoreDataModel.xcdatamodel */ = {isa = PBXFileReference; lastKnownFileType = wrapper.xcdatamodel; path = CoreDataModel.xcdatamodel; sourceTree = "<group>"; };
		91B6A7BD2143649A0033A045 /* TransactionsService.swift */ = {isa = PBXFileReference; lastKnownFileType = sourcecode.swift; path = TransactionsService.swift; sourceTree = "<group>"; };
		91B6A7C1214365890033A045 /* Transaction.swift */ = {isa = PBXFileReference; lastKnownFileType = sourcecode.swift; path = Transaction.swift; sourceTree = "<group>"; };
		91B6A7C3214365B30033A045 /* ERC20Token.swift */ = {isa = PBXFileReference; lastKnownFileType = sourcecode.swift; path = ERC20Token.swift; sourceTree = "<group>"; };
		91B6A7C52143660B0033A045 /* AppController.swift */ = {isa = PBXFileReference; lastKnownFileType = sourcecode.swift; path = AppController.swift; sourceTree = "<group>"; };
		91B6A7C7214368470033A045 /* Parameter.swift */ = {isa = PBXFileReference; lastKnownFileType = sourcecode.swift; path = Parameter.swift; sourceTree = "<group>"; };
		91B6A7C9214369D60033A045 /* GlobalTODO.swift */ = {isa = PBXFileReference; lastKnownFileType = sourcecode.swift; path = GlobalTODO.swift; sourceTree = "<group>"; };
		91B6A7CD214370F00033A045 /* URL.swift */ = {isa = PBXFileReference; lastKnownFileType = sourcecode.swift; path = URL.swift; sourceTree = "<group>"; };
		91B6A7D12143B1E80033A045 /* ViewControllerExtensions.swift */ = {isa = PBXFileReference; lastKnownFileType = sourcecode.swift; path = ViewControllerExtensions.swift; sourceTree = "<group>"; };
		91B6A7D32143B2160033A045 /* FloatExtension.swift */ = {isa = PBXFileReference; lastKnownFileType = sourcecode.swift; path = FloatExtension.swift; sourceTree = "<group>"; };
		91B6A7DC2143B2F30033A045 /* AddWalletViewController.swift */ = {isa = PBXFileReference; lastKnownFileType = sourcecode.swift; path = AddWalletViewController.swift; sourceTree = "<group>"; };
		91B6A7DD2143B2F30033A045 /* AddWalletViewController.xib */ = {isa = PBXFileReference; lastKnownFileType = file.xib; path = AddWalletViewController.xib; sourceTree = "<group>"; };
		A6659B35DCF78FECEB3507C0 /* Pods_DiveLane.framework */ = {isa = PBXFileReference; explicitFileType = wrapper.framework; includeInIndex = 0; path = Pods_DiveLane.framework; sourceTree = BUILT_PRODUCTS_DIR; };
		B209141B214464EF00C8B408 /* SendArbitraryTransactionViewController.xib */ = {isa = PBXFileReference; fileEncoding = 4; lastKnownFileType = file.xib; path = SendArbitraryTransactionViewController.xib; sourceTree = "<group>"; };
		B209141C214464EF00C8B408 /* ParameterCell.xib */ = {isa = PBXFileReference; fileEncoding = 4; lastKnownFileType = file.xib; path = ParameterCell.xib; sourceTree = "<group>"; };
		B20914FC214A564500C8B408 /* WalletsViewController.swift */ = {isa = PBXFileReference; lastKnownFileType = sourcecode.swift; path = WalletsViewController.swift; sourceTree = "<group>"; };
		B20914FD214A564500C8B408 /* WalletsViewController.xib */ = {isa = PBXFileReference; lastKnownFileType = file.xib; path = WalletsViewController.xib; sourceTree = "<group>"; };
		B2091504214A5AD000C8B408 /* WalletCell.swift */ = {isa = PBXFileReference; lastKnownFileType = sourcecode.swift; path = WalletCell.swift; sourceTree = "<group>"; };
		B2091505214A5AD000C8B408 /* WalletCell.xib */ = {isa = PBXFileReference; lastKnownFileType = file.xib; path = WalletCell.xib; sourceTree = "<group>"; };
		B2091508214A60A700C8B408 /* ExportWalletViewController.swift */ = {isa = PBXFileReference; lastKnownFileType = sourcecode.swift; path = ExportWalletViewController.swift; sourceTree = "<group>"; };
		B2091509214A60A700C8B408 /* ExportWalletViewController.xib */ = {isa = PBXFileReference; lastKnownFileType = file.xib; path = ExportWalletViewController.xib; sourceTree = "<group>"; };
		B209150C214A659500C8B408 /* PrivateKeyViewController.swift */ = {isa = PBXFileReference; lastKnownFileType = sourcecode.swift; path = PrivateKeyViewController.swift; sourceTree = "<group>"; };
		B209150D214A659500C8B408 /* PrivateKeyViewController.xib */ = {isa = PBXFileReference; lastKnownFileType = file.xib; path = PrivateKeyViewController.xib; sourceTree = "<group>"; };
		B2091510214AA58100C8B408 /* MnemonicsViewController.swift */ = {isa = PBXFileReference; lastKnownFileType = sourcecode.swift; path = MnemonicsViewController.swift; sourceTree = "<group>"; };
		B2091511214AA58100C8B408 /* MnemonicsViewController.xib */ = {isa = PBXFileReference; lastKnownFileType = file.xib; path = MnemonicsViewController.xib; sourceTree = "<group>"; };
		B25BD1332143E43A0091C481 /* EtherscanService.swift */ = {isa = PBXFileReference; lastKnownFileType = sourcecode.swift; path = EtherscanService.swift; sourceTree = "<group>"; };
		B25BD1352143E5440091C481 /* SendingArbitratyTransactionViewController.swift */ = {isa = PBXFileReference; lastKnownFileType = sourcecode.swift; path = SendingArbitratyTransactionViewController.swift; sourceTree = "<group>"; };
		B25BD1372143E5BC0091C481 /* ParameterCell.swift */ = {isa = PBXFileReference; lastKnownFileType = sourcecode.swift; path = ParameterCell.swift; sourceTree = "<group>"; };
		B3A7D6406822C0774A93B7EB /* Pods-DiveLane.release.xcconfig */ = {isa = PBXFileReference; includeInIndex = 1; lastKnownFileType = text.xcconfig; name = "Pods-DiveLane.release.xcconfig"; path = "Pods/Target Support Files/Pods-DiveLane/Pods-DiveLane.release.xcconfig"; sourceTree = "<group>"; };
/* End PBXFileReference section */

/* Begin PBXFrameworksBuildPhase section */
		91B6A79021435F5D0033A045 /* Frameworks */ = {
			isa = PBXFrameworksBuildPhase;
			buildActionMask = 2147483647;
			files = (
				84C70F56207BAA6AC48EE3FD /* Pods_DiveLane.framework in Frameworks */,
			);
			runOnlyForDeploymentPostprocessing = 0;
		};
/* End PBXFrameworksBuildPhase section */

/* Begin PBXGroup section */
		01C0C7BFEA430D8AD09D7D4D /* Pods */ = {
			isa = PBXGroup;
			children = (
				2D953DB44EF6BCFD40656B30 /* Pods-DiveLane.debug.xcconfig */,
				B3A7D6406822C0774A93B7EB /* Pods-DiveLane.release.xcconfig */,
			);
			name = Pods;
			sourceTree = "<group>";
		};
		6DE660421B91D607B06623B4 /* Frameworks */ = {
			isa = PBXGroup;
			children = (
				A6659B35DCF78FECEB3507C0 /* Pods_DiveLane.framework */,
			);
			name = Frameworks;
			sourceTree = "<group>";
		};
		9197F2D62143B4FE00C358AA /* WalletCreation */ = {
			isa = PBXGroup;
			children = (
				9197F2D72143B52F00C358AA /* WalletAdditionMode.swift */,
			);
			path = WalletCreation;
			sourceTree = "<group>";
		};
		9197F2D92143B54E00C358AA /* Onboarding */ = {
			isa = PBXGroup;
			children = (
				9197F2DE2143B5B800C358AA /* OnboardingContentViewController.swift */,
				9197F2DC2143B57E00C358AA /* OnboardingViewController.swift */,
			);
			path = Onboarding;
			sourceTree = "<group>";
		};
		9197F2DB2143B56400C358AA /* Onboarding */ = {
			isa = PBXGroup;
			children = (
				9197F2E02143B5EE00C358AA /* OnboardingContent.swift */,
			);
			path = Onboarding;
			sourceTree = "<group>";
		};
		9197F2E22143B63100C358AA /* WalletCreation */ = {
			isa = PBXGroup;
			children = (
				B2091510214AA58100C8B408 /* MnemonicsViewController.swift */,
				9197F2E32143B65600C358AA /* WalletCreationViewController.swift */,
			);
			path = WalletCreation;
			sourceTree = "<group>";
		};
		9197F2E72143B66400C358AA /* WalletCreation */ = {
			isa = PBXGroup;
			children = (
				9197F2E42143B65600C358AA /* WalletCreationViewController.xib */,
				B2091511214AA58100C8B408 /* MnemonicsViewController.xib */,
			);
			path = WalletCreation;
			sourceTree = "<group>";
		};
		9197F2EA2143B7A700C358AA /* Wallet */ = {
			isa = PBXGroup;
			children = (
				9197F2EB2143B92B00C358AA /* WalletViewController.swift */,
				9197F2F02143B9D600C358AA /* TokenCell.swift */,
			);
			path = Wallet;
			sourceTree = "<group>";
		};
		9197F2EF2143B93400C358AA /* Wallet */ = {
			isa = PBXGroup;
			children = (
				9197F2EC2143B92B00C358AA /* WalletViewController.xib */,
				9197F2F12143B9D600C358AA /* TokenCell.xib */,
			);
			path = Wallet;
			sourceTree = "<group>";
		};
		9197F2F42143BBFF00C358AA /* Wallet */ = {
			isa = PBXGroup;
			children = (
				9197F2F62143BC1D00C358AA /* WalletTableViewSections.swift */,
			);
			path = Wallet;
			sourceTree = "<group>";
		};
		9197F2FC2143BF8300C358AA /* Token */ = {
			isa = PBXGroup;
			children = (
				9197F3002143BFC600C358AA /* TokenViewController.xib */,
			);
			path = Token;
			sourceTree = "<group>";
		};
		9197F2FD2143BF9800C358AA /* Token */ = {
			isa = PBXGroup;
			children = (
				9197F2FF2143BFC600C358AA /* TokenViewController.swift */,
			);
			path = Token;
			sourceTree = "<group>";
		};
		9197F3042143C33800C358AA /* Sending */ = {
			isa = PBXGroup;
			children = (
				9197F3072143C39C00C358AA /* SendSettingsViewController.xib */,
				B209141C214464EF00C8B408 /* ParameterCell.xib */,
				B209141B214464EF00C8B408 /* SendArbitraryTransactionViewController.xib */,
			);
			path = Sending;
			sourceTree = "<group>";
		};
		9197F30A2143C3A900C358AA /* Sending */ = {
			isa = PBXGroup;
			children = (
				9197F3062143C39C00C358AA /* SendSettingsViewController.swift */,
				B25BD1352143E5440091C481 /* SendingArbitratyTransactionViewController.swift */,
				B25BD1372143E5BC0091C481 /* ParameterCell.swift */,
			);
			path = Sending;
			sourceTree = "<group>";
		};
		9197F30B2143EF0D00C358AA /* Tokens */ = {
			isa = PBXGroup;
			children = (
				91B6A7C3214365B30033A045 /* ERC20Token.swift */,
				9197F2F82143BC8300C358AA /* CurrentToken.swift */,
			);
			path = Tokens;
			sourceTree = "<group>";
		};
		9197F30C2143EF3300C358AA /* Transactions */ = {
			isa = PBXGroup;
			children = (
				91B6A7C1214365890033A045 /* Transaction.swift */,
			);
			path = Transactions;
			sourceTree = "<group>";
		};
		9197F31D2144038400C358AA /* Settings */ = {
			isa = PBXGroup;
			children = (
				B2091500214A5A4D00C8B408 /* Wallets */,
				9197F320214403A400C358AA /* SettingsViewController.xib */,
				9197F3272144043500C358AA /* SettingsCell.xib */,
			);
			path = Settings;
			sourceTree = "<group>";
		};
		9197F31E2144039000C358AA /* Settings */ = {
			isa = PBXGroup;
			children = (
				B2091501214A5A9F00C8B408 /* Wallets */,
				9197F31F214403A400C358AA /* SettingsViewController.swift */,
				9197F3262144043500C358AA /* SettingsCell.swift */,
			);
			path = Settings;
			sourceTree = "<group>";
		};
		9197F323214403FA00C358AA /* Settings */ = {
			isa = PBXGroup;
			children = (
				9197F3242144041400C358AA /* SettingsTableViewSections.swift */,
			);
			path = Settings;
			sourceTree = "<group>";
		};
		9197F32B2144210400C358AA /* Networks */ = {
			isa = PBXGroup;
			children = (
				9197F32E2144213000C358AA /* NetworksViewController.xib */,
				9197F3322144228B00C358AA /* NetworksCell.xib */,
			);
			path = Networks;
			sourceTree = "<group>";
		};
		9197F32C2144211300C358AA /* Networks */ = {
			isa = PBXGroup;
			children = (
				9197F32D2144213000C358AA /* NetworksViewController.swift */,
				9197F3312144228B00C358AA /* NetworksCell.swift */,
			);
			path = Networks;
			sourceTree = "<group>";
		};
		91B6A78A21435F5D0033A045 = {
			isa = PBXGroup;
			children = (
				91B6A79521435F5D0033A045 /* DiveLane */,
				91B6A79421435F5D0033A045 /* Products */,
				01C0C7BFEA430D8AD09D7D4D /* Pods */,
				6DE660421B91D607B06623B4 /* Frameworks */,
			);
			sourceTree = "<group>";
		};
		91B6A79421435F5D0033A045 /* Products */ = {
			isa = PBXGroup;
			children = (
				91B6A79321435F5D0033A045 /* DiveLane.app */,
			);
			name = Products;
			sourceTree = "<group>";
		};
		91B6A79521435F5D0033A045 /* DiveLane */ = {
			isa = PBXGroup;
			children = (
				91B6A7C9214369D60033A045 /* GlobalTODO.swift */,
				91B6A7AB2143608B0033A045 /* App */,
				91B6A7A9214360720033A045 /* Services */,
				91B6A7A82143606E0033A045 /* Models */,
				91B6A7D72143B26D0033A045 /* Views */,
				91B6A7D82143B2940033A045 /* Controllers */,
				91B6A7BA2143621E0033A045 /* CoreDataModel.xcdatamodeld */,
			);
			path = DiveLane;
			sourceTree = "<group>";
		};
		91B6A7A82143606E0033A045 /* Models */ = {
			isa = PBXGroup;
			children = (
				9197F323214403FA00C358AA /* Settings */,
				9197F30C2143EF3300C358AA /* Transactions */,
				9197F30B2143EF0D00C358AA /* Tokens */,
				9197F2F42143BBFF00C358AA /* Wallet */,
				9197F2D62143B4FE00C358AA /* WalletCreation */,
				9197F2DB2143B56400C358AA /* Onboarding */,
				91B6A7AE2143610C0033A045 /* ResultsAndErrors.swift */,
				91B6A7B8214362080033A045 /* WalletAndKeys.swift */,
				91B6A7C7214368470033A045 /* Parameter.swift */,
				91B6A7CD214370F00033A045 /* URL.swift */,
			);
			path = Models;
			sourceTree = "<group>";
		};
		91B6A7A9214360720033A045 /* Services */ = {
			isa = PBXGroup;
			children = (
				91B6A7AC214360F90033A045 /* Web3Service.swift */,
				91B6A7BD2143649A0033A045 /* TransactionsService.swift */,
				91B6A7B4214361AE0033A045 /* KeysService.swift */,
				91B6A7B2214361730033A045 /* LocalDatabase.swift */,
				B25BD1332143E43A0091C481 /* EtherscanService.swift */,
				9197F3152143FD4100C358AA /* NetworkService.swift */,
			);
			path = Services;
			sourceTree = "<group>";
		};
		91B6A7AB2143608B0033A045 /* App */ = {
			isa = PBXGroup;
			children = (
				91B6A79621435F5D0033A045 /* AppDelegate.swift */,
				91B6A7C52143660B0033A045 /* AppController.swift */,
				91B6A7D12143B1E80033A045 /* ViewControllerExtensions.swift */,
				91B6A7D32143B2160033A045 /* FloatExtension.swift */,
				91B6A79F21435F5E0033A045 /* LaunchScreen.storyboard */,
				91B6A7A221435F5E0033A045 /* Info.plist */,
				9197F2FA2143BD7E00C358AA /* Assets.xcassets */,
			);
			path = App;
			sourceTree = "<group>";
		};
		91B6A7D72143B26D0033A045 /* Views */ = {
			isa = PBXGroup;
			children = (
				9197F32B2144210400C358AA /* Networks */,
				9197F31D2144038400C358AA /* Settings */,
				9197F3042143C33800C358AA /* Sending */,
				9197F2FC2143BF8300C358AA /* Token */,
				9197F2EF2143B93400C358AA /* Wallet */,
				9197F2E72143B66400C358AA /* WalletCreation */,
				91B6A7E02143B3020033A045 /* AddWallet */,
				9197F2E82143B75600C358AA /* Alerts.swift */,
			);
			path = Views;
			sourceTree = "<group>";
		};
		91B6A7D82143B2940033A045 /* Controllers */ = {
			isa = PBXGroup;
			children = (
				9197F32C2144211300C358AA /* Networks */,
				9197F31E2144039000C358AA /* Settings */,
				9197F30A2143C3A900C358AA /* Sending */,
				9197F2FD2143BF9800C358AA /* Token */,
				9197F2EA2143B7A700C358AA /* Wallet */,
				9197F2E22143B63100C358AA /* WalletCreation */,
				91B6A7D92143B2A90033A045 /* AddWallet */,
				9197F2D92143B54E00C358AA /* Onboarding */,
			);
			path = Controllers;
			sourceTree = "<group>";
		};
		91B6A7D92143B2A90033A045 /* AddWallet */ = {
			isa = PBXGroup;
			children = (
				91B6A7DC2143B2F30033A045 /* AddWalletViewController.swift */,
			);
			path = AddWallet;
			sourceTree = "<group>";
		};
		91B6A7E02143B3020033A045 /* AddWallet */ = {
			isa = PBXGroup;
			children = (
				91B6A7DD2143B2F30033A045 /* AddWalletViewController.xib */,
			);
			path = AddWallet;
			sourceTree = "<group>";
		};
		B2091500214A5A4D00C8B408 /* Wallets */ = {
			isa = PBXGroup;
			children = (
				B20914FD214A564500C8B408 /* WalletsViewController.xib */,
				B2091509214A60A700C8B408 /* ExportWalletViewController.xib */,
				B2091505214A5AD000C8B408 /* WalletCell.xib */,
				B209150D214A659500C8B408 /* PrivateKeyViewController.xib */,
			);
			path = Wallets;
			sourceTree = "<group>";
		};
		B2091501214A5A9F00C8B408 /* Wallets */ = {
			isa = PBXGroup;
			children = (
				B209150C214A659500C8B408 /* PrivateKeyViewController.swift */,
				B20914FC214A564500C8B408 /* WalletsViewController.swift */,
				B2091508214A60A700C8B408 /* ExportWalletViewController.swift */,
				B2091504214A5AD000C8B408 /* WalletCell.swift */,
			);
			path = Wallets;
			sourceTree = "<group>";
		};
/* End PBXGroup section */

/* Begin PBXNativeTarget section */
		91B6A79221435F5D0033A045 /* DiveLane */ = {
			isa = PBXNativeTarget;
			buildConfigurationList = 91B6A7A521435F5E0033A045 /* Build configuration list for PBXNativeTarget "DiveLane" */;
			buildPhases = (
				545595EA32A4C5AA1688643D /* [CP] Check Pods Manifest.lock */,
				91B6A78F21435F5D0033A045 /* Sources */,
				91B6A79021435F5D0033A045 /* Frameworks */,
				91B6A79121435F5D0033A045 /* Resources */,
				1AC5E348E4143ACFCC13C076 /* [CP] Embed Pods Frameworks */,
			);
			buildRules = (
			);
			dependencies = (
			);
			name = DiveLane;
			productName = DiveLane;
			productReference = 91B6A79321435F5D0033A045 /* DiveLane.app */;
			productType = "com.apple.product-type.application";
		};
/* End PBXNativeTarget section */

/* Begin PBXProject section */
		91B6A78B21435F5D0033A045 /* Project object */ = {
			isa = PBXProject;
			attributes = {
				LastSwiftUpdateCheck = 0940;
				LastUpgradeCheck = 0940;
				ORGANIZATIONNAME = "Matter Inc";
				TargetAttributes = {
					91B6A79221435F5D0033A045 = {
						CreatedOnToolsVersion = 9.4.1;
					};
				};
			};
			buildConfigurationList = 91B6A78E21435F5D0033A045 /* Build configuration list for PBXProject "DiveLane" */;
			compatibilityVersion = "Xcode 9.3";
			developmentRegion = en;
			hasScannedForEncodings = 0;
			knownRegions = (
				en,
				Base,
			);
			mainGroup = 91B6A78A21435F5D0033A045;
			productRefGroup = 91B6A79421435F5D0033A045 /* Products */;
			projectDirPath = "";
			projectRoot = "";
			targets = (
				91B6A79221435F5D0033A045 /* DiveLane */,
			);
		};
/* End PBXProject section */

/* Begin PBXResourcesBuildPhase section */
		91B6A79121435F5D0033A045 /* Resources */ = {
			isa = PBXResourcesBuildPhase;
			buildActionMask = 2147483647;
			files = (
				9197F2E62143B65600C358AA /* WalletCreationViewController.xib in Resources */,
				9197F3092143C39C00C358AA /* SendSettingsViewController.xib in Resources */,
				9197F322214403A400C358AA /* SettingsViewController.xib in Resources */,
				9197F3022143BFC600C358AA /* TokenViewController.xib in Resources */,
				B209150B214A60A700C8B408 /* ExportWalletViewController.xib in Resources */,
				9197F2F32143B9D600C358AA /* TokenCell.xib in Resources */,
				B209141D214464EF00C8B408 /* SendArbitraryTransactionViewController.xib in Resources */,
				9197F3292144043500C358AA /* SettingsCell.xib in Resources */,
				9197F2EE2143B92B00C358AA /* WalletViewController.xib in Resources */,
				B2091507214A5AD000C8B408 /* WalletCell.xib in Resources */,
				B2091513214AA58100C8B408 /* MnemonicsViewController.xib in Resources */,
				B20914FF214A564500C8B408 /* WalletsViewController.xib in Resources */,
				91B6A7A121435F5E0033A045 /* LaunchScreen.storyboard in Resources */,
				9197F3302144213000C358AA /* NetworksViewController.xib in Resources */,
				9197F2FB2143BD7E00C358AA /* Assets.xcassets in Resources */,
				9197F3342144228B00C358AA /* NetworksCell.xib in Resources */,
				91B6A7DF2143B2F30033A045 /* AddWalletViewController.xib in Resources */,
				B209150F214A659500C8B408 /* PrivateKeyViewController.xib in Resources */,
				B209141E214464EF00C8B408 /* ParameterCell.xib in Resources */,
			);
			runOnlyForDeploymentPostprocessing = 0;
		};
/* End PBXResourcesBuildPhase section */

/* Begin PBXShellScriptBuildPhase section */
		1AC5E348E4143ACFCC13C076 /* [CP] Embed Pods Frameworks */ = {
			isa = PBXShellScriptBuildPhase;
			buildActionMask = 2147483647;
			files = (
			);
			inputPaths = (
				"${SRCROOT}/Pods/Target Support Files/Pods-DiveLane/Pods-DiveLane-frameworks.sh",
				"${BUILT_PRODUCTS_DIR}/BigInt/BigInt.framework",
				"${BUILT_PRODUCTS_DIR}/CryptoSwift/CryptoSwift.framework",
				"${BUILT_PRODUCTS_DIR}/PromiseKit/PromiseKit.framework",
				"${BUILT_PRODUCTS_DIR}/QRCodeReader.swift/QRCodeReader.framework",
				"${BUILT_PRODUCTS_DIR}/Result/Result.framework",
				"${BUILT_PRODUCTS_DIR}/SipHash/SipHash.framework",
				"${BUILT_PRODUCTS_DIR}/scrypt/scrypt.framework",
				"${BUILT_PRODUCTS_DIR}/secp256k1_ios/secp256k1_ios.framework",
				"${BUILT_PRODUCTS_DIR}/web3swift/web3swift.framework",
			);
			name = "[CP] Embed Pods Frameworks";
			outputPaths = (
				"${TARGET_BUILD_DIR}/${FRAMEWORKS_FOLDER_PATH}/BigInt.framework",
				"${TARGET_BUILD_DIR}/${FRAMEWORKS_FOLDER_PATH}/CryptoSwift.framework",
				"${TARGET_BUILD_DIR}/${FRAMEWORKS_FOLDER_PATH}/PromiseKit.framework",
				"${TARGET_BUILD_DIR}/${FRAMEWORKS_FOLDER_PATH}/QRCodeReader.framework",
				"${TARGET_BUILD_DIR}/${FRAMEWORKS_FOLDER_PATH}/Result.framework",
				"${TARGET_BUILD_DIR}/${FRAMEWORKS_FOLDER_PATH}/SipHash.framework",
				"${TARGET_BUILD_DIR}/${FRAMEWORKS_FOLDER_PATH}/scrypt.framework",
				"${TARGET_BUILD_DIR}/${FRAMEWORKS_FOLDER_PATH}/secp256k1_ios.framework",
				"${TARGET_BUILD_DIR}/${FRAMEWORKS_FOLDER_PATH}/web3swift.framework",
			);
			runOnlyForDeploymentPostprocessing = 0;
			shellPath = /bin/sh;
			shellScript = "\"${SRCROOT}/Pods/Target Support Files/Pods-DiveLane/Pods-DiveLane-frameworks.sh\"\n";
			showEnvVarsInLog = 0;
		};
		545595EA32A4C5AA1688643D /* [CP] Check Pods Manifest.lock */ = {
			isa = PBXShellScriptBuildPhase;
			buildActionMask = 2147483647;
			files = (
			);
			inputPaths = (
				"${PODS_PODFILE_DIR_PATH}/Podfile.lock",
				"${PODS_ROOT}/Manifest.lock",
			);
			name = "[CP] Check Pods Manifest.lock";
			outputPaths = (
				"$(DERIVED_FILE_DIR)/Pods-DiveLane-checkManifestLockResult.txt",
			);
			runOnlyForDeploymentPostprocessing = 0;
			shellPath = /bin/sh;
			shellScript = "diff \"${PODS_PODFILE_DIR_PATH}/Podfile.lock\" \"${PODS_ROOT}/Manifest.lock\" > /dev/null\nif [ $? != 0 ] ; then\n    # print error to STDERR\n    echo \"error: The sandbox is not in sync with the Podfile.lock. Run 'pod install' or update your CocoaPods installation.\" >&2\n    exit 1\nfi\n# This output is used by Xcode 'outputs' to avoid re-running this script phase.\necho \"SUCCESS\" > \"${SCRIPT_OUTPUT_FILE_0}\"\n";
			showEnvVarsInLog = 0;
		};
/* End PBXShellScriptBuildPhase section */

/* Begin PBXSourcesBuildPhase section */
		91B6A78F21435F5D0033A045 /* Sources */ = {
			isa = PBXSourcesBuildPhase;
			buildActionMask = 2147483647;
			files = (
				9197F3332144228B00C358AA /* NetworksCell.swift in Sources */,
				91B6A7AD214360F90033A045 /* Web3Service.swift in Sources */,
				9197F2D82143B52F00C358AA /* WalletAdditionMode.swift in Sources */,
				9197F2E52143B65600C358AA /* WalletCreationViewController.swift in Sources */,
				B25BD1362143E5440091C481 /* SendingArbitratyTransactionViewController.swift in Sources */,
				91B6A7D42143B2160033A045 /* FloatExtension.swift in Sources */,
				B209150E214A659500C8B408 /* PrivateKeyViewController.swift in Sources */,
				9197F2E12143B5EE00C358AA /* OnboardingContent.swift in Sources */,
				91B6A7C2214365890033A045 /* Transaction.swift in Sources */,
				9197F2DD2143B57E00C358AA /* OnboardingViewController.swift in Sources */,
				91B6A7AF2143610C0033A045 /* ResultsAndErrors.swift in Sources */,
				91B6A7B3214361730033A045 /* LocalDatabase.swift in Sources */,
				9197F2E92143B75600C358AA /* Alerts.swift in Sources */,
				B2091506214A5AD000C8B408 /* WalletCell.swift in Sources */,
				B20914FE214A564500C8B408 /* WalletsViewController.swift in Sources */,
				9197F3012143BFC600C358AA /* TokenViewController.swift in Sources */,
				9197F3082143C39C00C358AA /* SendSettingsViewController.swift in Sources */,
				B25BD1382143E5BC0091C481 /* ParameterCell.swift in Sources */,
				B209150A214A60A700C8B408 /* ExportWalletViewController.swift in Sources */,
				9197F3282144043500C358AA /* SettingsCell.swift in Sources */,
				9197F2F72143BC1D00C358AA /* WalletTableViewSections.swift in Sources */,
				91B6A7CE214370F00033A045 /* URL.swift in Sources */,
				91B6A7C8214368470033A045 /* Parameter.swift in Sources */,
				9197F2DF2143B5B800C358AA /* OnboardingContentViewController.swift in Sources */,
				9197F3162143FD4100C358AA /* NetworkService.swift in Sources */,
				9197F2F22143B9D600C358AA /* TokenCell.swift in Sources */,
				91B6A7CA214369D60033A045 /* GlobalTODO.swift in Sources */,
				91B6A7B9214362080033A045 /* WalletAndKeys.swift in Sources */,
				9197F2ED2143B92B00C358AA /* WalletViewController.swift in Sources */,
				91B6A7BC2143621E0033A045 /* CoreDataModel.xcdatamodeld in Sources */,
				B2091512214AA58100C8B408 /* MnemonicsViewController.swift in Sources */,
				9197F2F92143BC8300C358AA /* CurrentToken.swift in Sources */,
				91B6A79721435F5D0033A045 /* AppDelegate.swift in Sources */,
				91B6A7B5214361AE0033A045 /* KeysService.swift in Sources */,
				91B6A7BE2143649A0033A045 /* TransactionsService.swift in Sources */,
				91B6A7C4214365B30033A045 /* ERC20Token.swift in Sources */,
				91B6A7D22143B1E80033A045 /* ViewControllerExtensions.swift in Sources */,
				91B6A7C62143660B0033A045 /* AppController.swift in Sources */,
				9197F32F2144213000C358AA /* NetworksViewController.swift in Sources */,
				91B6A7DE2143B2F30033A045 /* AddWalletViewController.swift in Sources */,
				B25BD1342143E43A0091C481 /* EtherscanService.swift in Sources */,
				9197F3252144041400C358AA /* SettingsTableViewSections.swift in Sources */,
				9197F321214403A400C358AA /* SettingsViewController.swift in Sources */,
			);
			runOnlyForDeploymentPostprocessing = 0;
		};
/* End PBXSourcesBuildPhase section */

/* Begin PBXVariantGroup section */
		91B6A79F21435F5E0033A045 /* LaunchScreen.storyboard */ = {
			isa = PBXVariantGroup;
			children = (
				91B6A7A021435F5E0033A045 /* Base */,
			);
			name = LaunchScreen.storyboard;
			sourceTree = "<group>";
		};
/* End PBXVariantGroup section */

/* Begin XCBuildConfiguration section */
		91B6A7A321435F5E0033A045 /* Debug */ = {
			isa = XCBuildConfiguration;
			buildSettings = {
				ALWAYS_SEARCH_USER_PATHS = NO;
				CLANG_ANALYZER_NONNULL = YES;
				CLANG_ANALYZER_NUMBER_OBJECT_CONVERSION = YES_AGGRESSIVE;
				CLANG_CXX_LANGUAGE_STANDARD = "gnu++14";
				CLANG_CXX_LIBRARY = "libc++";
				CLANG_ENABLE_MODULES = YES;
				CLANG_ENABLE_OBJC_ARC = YES;
				CLANG_ENABLE_OBJC_WEAK = YES;
				CLANG_WARN_BLOCK_CAPTURE_AUTORELEASING = YES;
				CLANG_WARN_BOOL_CONVERSION = YES;
				CLANG_WARN_COMMA = YES;
				CLANG_WARN_CONSTANT_CONVERSION = YES;
				CLANG_WARN_DEPRECATED_OBJC_IMPLEMENTATIONS = YES;
				CLANG_WARN_DIRECT_OBJC_ISA_USAGE = YES_ERROR;
				CLANG_WARN_DOCUMENTATION_COMMENTS = YES;
				CLANG_WARN_EMPTY_BODY = YES;
				CLANG_WARN_ENUM_CONVERSION = YES;
				CLANG_WARN_INFINITE_RECURSION = YES;
				CLANG_WARN_INT_CONVERSION = YES;
				CLANG_WARN_NON_LITERAL_NULL_CONVERSION = YES;
				CLANG_WARN_OBJC_IMPLICIT_RETAIN_SELF = YES;
				CLANG_WARN_OBJC_LITERAL_CONVERSION = YES;
				CLANG_WARN_OBJC_ROOT_CLASS = YES_ERROR;
				CLANG_WARN_RANGE_LOOP_ANALYSIS = YES;
				CLANG_WARN_STRICT_PROTOTYPES = YES;
				CLANG_WARN_SUSPICIOUS_MOVE = YES;
				CLANG_WARN_UNGUARDED_AVAILABILITY = YES_AGGRESSIVE;
				CLANG_WARN_UNREACHABLE_CODE = YES;
				CLANG_WARN__DUPLICATE_METHOD_MATCH = YES;
				CODE_SIGN_IDENTITY = "iPhone Developer";
				COPY_PHASE_STRIP = NO;
				DEBUG_INFORMATION_FORMAT = dwarf;
				ENABLE_STRICT_OBJC_MSGSEND = YES;
				ENABLE_TESTABILITY = YES;
				GCC_C_LANGUAGE_STANDARD = gnu11;
				GCC_DYNAMIC_NO_PIC = NO;
				GCC_NO_COMMON_BLOCKS = YES;
				GCC_OPTIMIZATION_LEVEL = 0;
				GCC_PREPROCESSOR_DEFINITIONS = (
					"DEBUG=1",
					"$(inherited)",
				);
				GCC_WARN_64_TO_32_BIT_CONVERSION = YES;
				GCC_WARN_ABOUT_RETURN_TYPE = YES_ERROR;
				GCC_WARN_UNDECLARED_SELECTOR = YES;
				GCC_WARN_UNINITIALIZED_AUTOS = YES_AGGRESSIVE;
				GCC_WARN_UNUSED_FUNCTION = YES;
				GCC_WARN_UNUSED_VARIABLE = YES;
				IPHONEOS_DEPLOYMENT_TARGET = 11.4;
				MTL_ENABLE_DEBUG_INFO = YES;
				ONLY_ACTIVE_ARCH = YES;
				SDKROOT = iphoneos;
				SWIFT_ACTIVE_COMPILATION_CONDITIONS = DEBUG;
				SWIFT_OPTIMIZATION_LEVEL = "-Onone";
			};
			name = Debug;
		};
		91B6A7A421435F5E0033A045 /* Release */ = {
			isa = XCBuildConfiguration;
			buildSettings = {
				ALWAYS_SEARCH_USER_PATHS = NO;
				CLANG_ANALYZER_NONNULL = YES;
				CLANG_ANALYZER_NUMBER_OBJECT_CONVERSION = YES_AGGRESSIVE;
				CLANG_CXX_LANGUAGE_STANDARD = "gnu++14";
				CLANG_CXX_LIBRARY = "libc++";
				CLANG_ENABLE_MODULES = YES;
				CLANG_ENABLE_OBJC_ARC = YES;
				CLANG_ENABLE_OBJC_WEAK = YES;
				CLANG_WARN_BLOCK_CAPTURE_AUTORELEASING = YES;
				CLANG_WARN_BOOL_CONVERSION = YES;
				CLANG_WARN_COMMA = YES;
				CLANG_WARN_CONSTANT_CONVERSION = YES;
				CLANG_WARN_DEPRECATED_OBJC_IMPLEMENTATIONS = YES;
				CLANG_WARN_DIRECT_OBJC_ISA_USAGE = YES_ERROR;
				CLANG_WARN_DOCUMENTATION_COMMENTS = YES;
				CLANG_WARN_EMPTY_BODY = YES;
				CLANG_WARN_ENUM_CONVERSION = YES;
				CLANG_WARN_INFINITE_RECURSION = YES;
				CLANG_WARN_INT_CONVERSION = YES;
				CLANG_WARN_NON_LITERAL_NULL_CONVERSION = YES;
				CLANG_WARN_OBJC_IMPLICIT_RETAIN_SELF = YES;
				CLANG_WARN_OBJC_LITERAL_CONVERSION = YES;
				CLANG_WARN_OBJC_ROOT_CLASS = YES_ERROR;
				CLANG_WARN_RANGE_LOOP_ANALYSIS = YES;
				CLANG_WARN_STRICT_PROTOTYPES = YES;
				CLANG_WARN_SUSPICIOUS_MOVE = YES;
				CLANG_WARN_UNGUARDED_AVAILABILITY = YES_AGGRESSIVE;
				CLANG_WARN_UNREACHABLE_CODE = YES;
				CLANG_WARN__DUPLICATE_METHOD_MATCH = YES;
				CODE_SIGN_IDENTITY = "iPhone Developer";
				COPY_PHASE_STRIP = NO;
				DEBUG_INFORMATION_FORMAT = "dwarf-with-dsym";
				ENABLE_NS_ASSERTIONS = NO;
				ENABLE_STRICT_OBJC_MSGSEND = YES;
				GCC_C_LANGUAGE_STANDARD = gnu11;
				GCC_NO_COMMON_BLOCKS = YES;
				GCC_WARN_64_TO_32_BIT_CONVERSION = YES;
				GCC_WARN_ABOUT_RETURN_TYPE = YES_ERROR;
				GCC_WARN_UNDECLARED_SELECTOR = YES;
				GCC_WARN_UNINITIALIZED_AUTOS = YES_AGGRESSIVE;
				GCC_WARN_UNUSED_FUNCTION = YES;
				GCC_WARN_UNUSED_VARIABLE = YES;
				IPHONEOS_DEPLOYMENT_TARGET = 11.4;
				MTL_ENABLE_DEBUG_INFO = NO;
				SDKROOT = iphoneos;
				SWIFT_COMPILATION_MODE = wholemodule;
				SWIFT_OPTIMIZATION_LEVEL = "-O";
				VALIDATE_PRODUCT = YES;
			};
			name = Release;
		};
		91B6A7A621435F5E0033A045 /* Debug */ = {
			isa = XCBuildConfiguration;
			baseConfigurationReference = 2D953DB44EF6BCFD40656B30 /* Pods-DiveLane.debug.xcconfig */;
			buildSettings = {
				ASSETCATALOG_COMPILER_APPICON_NAME = AppIcon;
				CODE_SIGN_STYLE = Automatic;
				DEVELOPMENT_TEAM = U8FZ3UYF69;
				INFOPLIST_FILE = "$(SRCROOT)/DiveLane/App/Info.plist";
				LD_RUNPATH_SEARCH_PATHS = (
					"$(inherited)",
					"@executable_path/Frameworks",
				);
				PRODUCT_BUNDLE_IDENTIFIER = io.thematter.DiveLane;
				PRODUCT_NAME = "$(TARGET_NAME)";
				SWIFT_VERSION = 4.0;
				TARGETED_DEVICE_FAMILY = "1,2";
			};
			name = Debug;
		};
		91B6A7A721435F5E0033A045 /* Release */ = {
			isa = XCBuildConfiguration;
			baseConfigurationReference = B3A7D6406822C0774A93B7EB /* Pods-DiveLane.release.xcconfig */;
			buildSettings = {
				ASSETCATALOG_COMPILER_APPICON_NAME = AppIcon;
				CODE_SIGN_STYLE = Automatic;
				DEVELOPMENT_TEAM = U8FZ3UYF69;
				INFOPLIST_FILE = "$(SRCROOT)/DiveLane/App/Info.plist";
				LD_RUNPATH_SEARCH_PATHS = (
					"$(inherited)",
					"@executable_path/Frameworks",
				);
				PRODUCT_BUNDLE_IDENTIFIER = io.thematter.DiveLane;
				PRODUCT_NAME = "$(TARGET_NAME)";
				SWIFT_VERSION = 4.0;
				TARGETED_DEVICE_FAMILY = "1,2";
			};
			name = Release;
		};
/* End XCBuildConfiguration section */

/* Begin XCConfigurationList section */
		91B6A78E21435F5D0033A045 /* Build configuration list for PBXProject "DiveLane" */ = {
			isa = XCConfigurationList;
			buildConfigurations = (
				91B6A7A321435F5E0033A045 /* Debug */,
				91B6A7A421435F5E0033A045 /* Release */,
			);
			defaultConfigurationIsVisible = 0;
			defaultConfigurationName = Release;
		};
		91B6A7A521435F5E0033A045 /* Build configuration list for PBXNativeTarget "DiveLane" */ = {
			isa = XCConfigurationList;
			buildConfigurations = (
				91B6A7A621435F5E0033A045 /* Debug */,
				91B6A7A721435F5E0033A045 /* Release */,
			);
			defaultConfigurationIsVisible = 0;
			defaultConfigurationName = Release;
		};
/* End XCConfigurationList section */

/* Begin XCVersionGroup section */
		91B6A7BA2143621E0033A045 /* CoreDataModel.xcdatamodeld */ = {
			isa = XCVersionGroup;
			children = (
				91B6A7BB2143621E0033A045 /* CoreDataModel.xcdatamodel */,
			);
			currentVersion = 91B6A7BB2143621E0033A045 /* CoreDataModel.xcdatamodel */;
			path = CoreDataModel.xcdatamodeld;
			sourceTree = "<group>";
			versionGroupType = wrapper.xcdatamodel;
		};
/* End XCVersionGroup section */
	};
	rootObject = 91B6A78B21435F5D0033A045 /* Project object */;
}
